<?xml version="1.0" encoding="utf-8"?>
<Project ToolsVersion="4.0" xmlns="http://schemas.microsoft.com/developer/msbuild/2003">
  <ItemGroup>
    <ClCompile Include="Main.cpp" />
    <ClCompile Include="MainGame.cpp" />
    <ClCompile Include="stdafx.cpp" />
    <ClCompile Include="Materials\ColorMaterial.cpp" />
    <ClCompile Include="Prefabs\SpherePrefab.cpp" />
    <ClCompile Include="Prefabs\TorusPrefab.cpp" />
    <ClCompile Include="Prefabs\CubePrefab.cpp" />
    <ClCompile Include="Materials\DiffuseMaterial.cpp" />
    <ClCompile Include="Materials\UberMaterial.cpp" />
    <ClCompile Include="Materials\SpikyMaterial.cpp" />
    <ClCompile Include="Prefabs\Character.cpp" />
    <ClCompile Include="Materials\DiffuseMaterial_Skinned.cpp" />
    <ClCompile Include="SpyroScene.cpp" />
    <ClCompile Include="Prefabs\ThirdPersonCharachter.cpp" />
    <ClCompile Include="Prefabs\ChunkPrefab.cpp" />
    <ClCompile Include="Component\ChunkMeshComponent.cpp" />
    <ClCompile Include="Content\ChunkMeshFilter.cpp" />
    <ClCompile Include="Materials\ChunkDiffuseMaterial.cpp" />
    <ClCompile Include="Scenes\MinecraftScene.cpp" />
    <ClCompile Include="Content\BlockJsonParser.cpp" />
    <ClCompile Include="Prefabs\ChunkManager.cpp" />
    <ClCompile Include="Prefabs\ChunkCharacter.cpp" />
    <ClCompile Include="MainScreenScene.cpp" />
    <ClCompile Include="Materials\Post\PostGlowGenerator.cpp" />
    <ClCompile Include="Materials\Post\PostGlowApply.cpp" />
    <ClCompile Include="Materials\Shadow\DiffuseMaterial_Shadow.cpp" />
    <ClCompile Include="Materials\Shadow\DiffuseMaterial_Shadow_Skinned.cpp" />
    <ClCompile Include="Materials\Shadow\ChunkShadowDiffuseMaterial.cpp" />
    <ClCompile Include="Materials\Post\PostGrayscale.cpp" />
    <ClCompile Include="Materials\Post\PostBlur.cpp" />
    <ClCompile Include="Materials\Post\DepthMaterial.cpp" />
    <ClCompile Include="Materials\SkyboxMaterial.cpp" />
  </ItemGroup>
  <ItemGroup>
    <ClInclude Include="MainGame.h" />
    <ClInclude Include="stdafx.h" />
    <ClInclude Include="Materials\ColorMaterial.h" />
    <ClInclude Include="Prefabs\SpherePrefab.h" />
    <ClInclude Include="Prefabs\TorusPrefab.h" />
    <ClInclude Include="Prefabs\CubePrefab.h" />
    <ClInclude Include="Materials\DiffuseMaterial.h" />
    <ClInclude Include="Materials\UberMaterial.h" />
    <ClInclude Include="Materials\SpikyMaterial.h" />
    <ClInclude Include="Prefabs\Character.h" />
    <ClInclude Include="Materials\DiffuseMaterial_Skinned.h" />
    <ClInclude Include="SpyroScene.h" />
    <ClInclude Include="Prefabs\ThirdPersonCharachter.h" />
    <ClInclude Include="Prefabs\ChunkPrefab.h" />
    <ClInclude Include="Component\ChunkMeshComponent.h" />
    <ClInclude Include="Content\ChunkMeshFilter.h" />
    <ClInclude Include="Materials\ChunkDiffuseMaterial.h" />
    <ClInclude Include="Scenes\MinecraftScene.h" />
    <ClInclude Include="Content\BlockJsonParser.h" />
    <ClInclude Include="Prefabs\ChunkManager.h" />
    <ClInclude Include="Prefabs\ChunkCharacter.h" />
    <ClInclude Include="Content\PerlinNoise.hpp" />
    <ClInclude Include="Content\ChunkStructs.h" />
    <ClInclude Include="MainScreenScene.h" />
    <ClInclude Include="Materials\Post\PostGlowGenerator.h" />
    <ClInclude Include="Materials\Post\PostGlowApply.h" />
    <ClInclude Include="Materials\Shadow\DiffuseMaterial_Shadow.h" />
    <ClInclude Include="Materials\Shadow\DiffuseMaterial_Shadow_Skinned.h" />
    <ClInclude Include="Materials\Shadow\ChunkShadowDiffuseMaterial.h" />
    <ClInclude Include="Materials\Post\PostGrayscale.h" />
    <ClInclude Include="Materials\Post\PostBlur.h" />
    <ClInclude Include="Materials\Post\DepthMaterial.h" />
    <ClInclude Include="Materials\SkyboxMaterial.h" />
  </ItemGroup>
</Project>